
Microsoft Visual Studio Solution File, Format Version 12.00
# Visual Studio Version 17
VisualStudioVersion = 17.0.31903.59
MinimumVisualStudioVersion = 10.0.40219.1
Project("{2150E333-8FDC-42A3-9474-1A3956D46DE8}") = "src", "src", "{827E0CD3-B72D-47B6-A68D-7590B98EB39B}"
EndProject
Project("{2150E333-8FDC-42A3-9474-1A3956D46DE8}") = "Core", "Core", "{8D626EA8-CB54-BC41-363A-217881BEBA6E}"
EndProject
Project("{FAE04EC0-301F-11D3-BF4B-00C04F79EFBC}") = "Portfolio.Domain", "src\Core\Portfolio.Domain\Portfolio.Domain.csproj", "{2051DF7E-541B-4EA9-ABFD-A99404768486}"
EndProject
Project("{FAE04EC0-301F-11D3-BF4B-00C04F79EFBC}") = "Portfolio.Application", "src\Core\Portfolio.Application\Portfolio.Application.csproj", "{25A53D62-5660-48F3-9C6D-3F5B98E5551F}"
EndProject
Project("{FAE04EC0-301F-11D3-BF4B-00C04F79EFBC}") = "Portfolio.Common", "src\Core\Portfolio.Common\Portfolio.Common.csproj", "{A4A1ACA4-09CF-4554-8898-0E472BC864C8}"
EndProject
Project("{2150E333-8FDC-42A3-9474-1A3956D46DE8}") = "Infrastructure", "Infrastructure", "{9048EB7F-3875-A59E-E36B-5BD4C6F2A282}"
EndProject
Project("{FAE04EC0-301F-11D3-BF4B-00C04F79EFBC}") = "Portfolio.Infrastructure", "src\Infrastructure\Portfolio.Infrastructure\Portfolio.Infrastructure.csproj", "{7C774AC7-CA8D-42E6-90E6-21F9C5D99F51}"
EndProject
Project("{2150E333-8FDC-42A3-9474-1A3956D46DE8}") = "Presentation", "Presentation", "{6996BBF7-DB31-59BC-C7DD-9A7CCC6138C4}"
EndProject
Project("{FAE04EC0-301F-11D3-BF4B-00C04F79EFBC}") = "Portfolio.WebAPI", "src\Presentation\Portfolio.WebAPI\Portfolio.WebAPI.csproj", "{E5EC911F-B391-497F-93C9-D6CA69B7DB0F}"
EndProject
Project("{FAE04EC0-301F-11D3-BF4B-00C04F79EFBC}") = "Portfolio.Persistence", "src\Infrastructure\Portfolio.Persistence\Portfolio.Persistence.csproj", "{6452CD89-3348-4C7B-9451-160313CCA9C3}"
EndProject
Global
	GlobalSection(SolutionConfigurationPlatforms) = preSolution
		Debug|Any CPU = Debug|Any CPU
		Debug|x64 = Debug|x64
		Debug|x86 = Debug|x86
		Release|Any CPU = Release|Any CPU
		Release|x64 = Release|x64
		Release|x86 = Release|x86
	EndGlobalSection
	GlobalSection(ProjectConfigurationPlatforms) = postSolution
		{2051DF7E-541B-4EA9-ABFD-A99404768486}.Debug|Any CPU.ActiveCfg = Debug|Any CPU
		{2051DF7E-541B-4EA9-ABFD-A99404768486}.Debug|Any CPU.Build.0 = Debug|Any CPU
		{2051DF7E-541B-4EA9-ABFD-A99404768486}.Debug|x64.ActiveCfg = Debug|Any CPU
		{2051DF7E-541B-4EA9-ABFD-A99404768486}.Debug|x64.Build.0 = Debug|Any CPU
		{2051DF7E-541B-4EA9-ABFD-A99404768486}.Debug|x86.ActiveCfg = Debug|Any CPU
		{2051DF7E-541B-4EA9-ABFD-A99404768486}.Debug|x86.Build.0 = Debug|Any CPU
		{2051DF7E-541B-4EA9-ABFD-A99404768486}.Release|Any CPU.ActiveCfg = Release|Any CPU
		{2051DF7E-541B-4EA9-ABFD-A99404768486}.Release|Any CPU.Build.0 = Release|Any CPU
		{2051DF7E-541B-4EA9-ABFD-A99404768486}.Release|x64.ActiveCfg = Release|Any CPU
		{2051DF7E-541B-4EA9-ABFD-A99404768486}.Release|x64.Build.0 = Release|Any CPU
		{2051DF7E-541B-4EA9-ABFD-A99404768486}.Release|x86.ActiveCfg = Release|Any CPU
		{2051DF7E-541B-4EA9-ABFD-A99404768486}.Release|x86.Build.0 = Release|Any CPU
		{25A53D62-5660-48F3-9C6D-3F5B98E5551F}.Debug|Any CPU.ActiveCfg = Debug|Any CPU
		{25A53D62-5660-48F3-9C6D-3F5B98E5551F}.Debug|Any CPU.Build.0 = Debug|Any CPU
		{25A53D62-5660-48F3-9C6D-3F5B98E5551F}.Debug|x64.ActiveCfg = Debug|Any CPU
		{25A53D62-5660-48F3-9C6D-3F5B98E5551F}.Debug|x64.Build.0 = Debug|Any CPU
		{25A53D62-5660-48F3-9C6D-3F5B98E5551F}.Debug|x86.ActiveCfg = Debug|Any CPU
		{25A53D62-5660-48F3-9C6D-3F5B98E5551F}.Debug|x86.Build.0 = Debug|Any CPU
		{25A53D62-5660-48F3-9C6D-3F5B98E5551F}.Release|Any CPU.ActiveCfg = Release|Any CPU
		{25A53D62-5660-48F3-9C6D-3F5B98E5551F}.Release|Any CPU.Build.0 = Release|Any CPU
		{25A53D62-5660-48F3-9C6D-3F5B98E5551F}.Release|x64.ActiveCfg = Release|Any CPU
		{25A53D62-5660-48F3-9C6D-3F5B98E5551F}.Release|x64.Build.0 = Release|Any CPU
		{25A53D62-5660-48F3-9C6D-3F5B98E5551F}.Release|x86.ActiveCfg = Release|Any CPU
		{25A53D62-5660-48F3-9C6D-3F5B98E5551F}.Release|x86.Build.0 = Release|Any CPU
		{A4A1ACA4-09CF-4554-8898-0E472BC864C8}.Debug|Any CPU.ActiveCfg = Debug|Any CPU
		{A4A1ACA4-09CF-4554-8898-0E472BC864C8}.Debug|Any CPU.Build.0 = Debug|Any CPU
		{A4A1ACA4-09CF-4554-8898-0E472BC864C8}.Debug|x64.ActiveCfg = Debug|Any CPU
		{A4A1ACA4-09CF-4554-8898-0E472BC864C8}.Debug|x64.Build.0 = Debug|Any CPU
		{A4A1ACA4-09CF-4554-8898-0E472BC864C8}.Debug|x86.ActiveCfg = Debug|Any CPU
		{A4A1ACA4-09CF-4554-8898-0E472BC864C8}.Debug|x86.Build.0 = Debug|Any CPU
		{A4A1ACA4-09CF-4554-8898-0E472BC864C8}.Release|Any CPU.ActiveCfg = Release|Any CPU
		{A4A1ACA4-09CF-4554-8898-0E472BC864C8}.Release|Any CPU.Build.0 = Release|Any CPU
		{A4A1ACA4-09CF-4554-8898-0E472BC864C8}.Release|x64.ActiveCfg = Release|Any CPU
		{A4A1ACA4-09CF-4554-8898-0E472BC864C8}.Release|x64.Build.0 = Release|Any CPU
		{A4A1ACA4-09CF-4554-8898-0E472BC864C8}.Release|x86.ActiveCfg = Release|Any CPU
		{A4A1ACA4-09CF-4554-8898-0E472BC864C8}.Release|x86.Build.0 = Release|Any CPU
		{7C774AC7-CA8D-42E6-90E6-21F9C5D99F51}.Debug|Any CPU.ActiveCfg = Debug|Any CPU
		{7C774AC7-CA8D-42E6-90E6-21F9C5D99F51}.Debug|Any CPU.Build.0 = Debug|Any CPU
		{7C774AC7-CA8D-42E6-90E6-21F9C5D99F51}.Debug|x64.ActiveCfg = Debug|Any CPU
		{7C774AC7-CA8D-42E6-90E6-21F9C5D99F51}.Debug|x64.Build.0 = Debug|Any CPU
		{7C774AC7-CA8D-42E6-90E6-21F9C5D99F51}.Debug|x86.ActiveCfg = Debug|Any CPU
		{7C774AC7-CA8D-42E6-90E6-21F9C5D99F51}.Debug|x86.Build.0 = Debug|Any CPU
		{7C774AC7-CA8D-42E6-90E6-21F9C5D99F51}.Release|Any CPU.ActiveCfg = Release|Any CPU
		{7C774AC7-CA8D-42E6-90E6-21F9C5D99F51}.Release|Any CPU.Build.0 = Release|Any CPU
		{7C774AC7-CA8D-42E6-90E6-21F9C5D99F51}.Release|x64.ActiveCfg = Release|Any CPU
		{7C774AC7-CA8D-42E6-90E6-21F9C5D99F51}.Release|x64.Build.0 = Release|Any CPU
		{7C774AC7-CA8D-42E6-90E6-21F9C5D99F51}.Release|x86.ActiveCfg = Release|Any CPU
		{7C774AC7-CA8D-42E6-90E6-21F9C5D99F51}.Release|x86.Build.0 = Release|Any CPU
		{E5EC911F-B391-497F-93C9-D6CA69B7DB0F}.Debug|Any CPU.ActiveCfg = Debug|Any CPU
		{E5EC911F-B391-497F-93C9-D6CA69B7DB0F}.Debug|Any CPU.Build.0 = Debug|Any CPU
		{E5EC911F-B391-497F-93C9-D6CA69B7DB0F}.Debug|x64.ActiveCfg = Debug|Any CPU
		{E5EC911F-B391-497F-93C9-D6CA69B7DB0F}.Debug|x64.Build.0 = Debug|Any CPU
		{E5EC911F-B391-497F-93C9-D6CA69B7DB0F}.Debug|x86.ActiveCfg = Debug|Any CPU
		{E5EC911F-B391-497F-93C9-D6CA69B7DB0F}.Debug|x86.Build.0 = Debug|Any CPU
		{E5EC911F-B391-497F-93C9-D6CA69B7DB0F}.Release|Any CPU.ActiveCfg = Release|Any CPU
		{E5EC911F-B391-497F-93C9-D6CA69B7DB0F}.Release|Any CPU.Build.0 = Release|Any CPU
		{E5EC911F-B391-497F-93C9-D6CA69B7DB0F}.Release|x64.ActiveCfg = Release|Any CPU
		{E5EC911F-B391-497F-93C9-D6CA69B7DB0F}.Release|x64.Build.0 = Release|Any CPU
		{E5EC911F-B391-497F-93C9-D6CA69B7DB0F}.Release|x86.ActiveCfg = Release|Any CPU
		{E5EC911F-B391-497F-93C9-D6CA69B7DB0F}.Release|x86.Build.0 = Release|Any CPU
		{6452CD89-3348-4C7B-9451-160313CCA9C3}.Debug|Any CPU.ActiveCfg = Debug|Any CPU
		{6452CD89-3348-4C7B-9451-160313CCA9C3}.Debug|Any CPU.Build.0 = Debug|Any CPU
		{6452CD89-3348-4C7B-9451-160313CCA9C3}.Debug|x64.ActiveCfg = Debug|Any CPU
		{6452CD89-3348-4C7B-9451-160313CCA9C3}.Debug|x64.Build.0 = Debug|Any CPU
		{6452CD89-3348-4C7B-9451-160313CCA9C3}.Debug|x86.ActiveCfg = Debug|Any CPU
		{6452CD89-3348-4C7B-9451-160313CCA9C3}.Debug|x86.Build.0 = Debug|Any CPU
		{6452CD89-3348-4C7B-9451-160313CCA9C3}.Release|Any CPU.ActiveCfg = Release|Any CPU
		{6452CD89-3348-4C7B-9451-160313CCA9C3}.Release|Any CPU.Build.0 = Release|Any CPU
		{6452CD89-3348-4C7B-9451-160313CCA9C3}.Release|x64.ActiveCfg = Release|Any CPU
		{6452CD89-3348-4C7B-9451-160313CCA9C3}.Release|x64.Build.0 = Release|Any CPU
		{6452CD89-3348-4C7B-9451-160313CCA9C3}.Release|x86.ActiveCfg = Release|Any CPU
		{6452CD89-3348-4C7B-9451-160313CCA9C3}.Release|x86.Build.0 = Release|Any CPU
	EndGlobalSection
	GlobalSection(SolutionProperties) = preSolution
		HideSolutionNode = FALSE
	EndGlobalSection
	GlobalSection(NestedProjects) = preSolution
		{8D626EA8-CB54-BC41-363A-217881BEBA6E} = {827E0CD3-B72D-47B6-A68D-7590B98EB39B}
		{2051DF7E-541B-4EA9-ABFD-A99404768486} = {8D626EA8-CB54-BC41-363A-217881BEBA6E}
		{25A53D62-5660-48F3-9C6D-3F5B98E5551F} = {8D626EA8-CB54-BC41-363A-217881BEBA6E}
		{A4A1ACA4-09CF-4554-8898-0E472BC864C8} = {8D626EA8-CB54-BC41-363A-217881BEBA6E}
		{9048EB7F-3875-A59E-E36B-5BD4C6F2A282} = {827E0CD3-B72D-47B6-A68D-7590B98EB39B}
		{7C774AC7-CA8D-42E6-90E6-21F9C5D99F51} = {9048EB7F-3875-A59E-E36B-5BD4C6F2A282}
		{6996BBF7-DB31-59BC-C7DD-9A7CCC6138C4} = {827E0CD3-B72D-47B6-A68D-7590B98EB39B}
		{E5EC911F-B391-497F-93C9-D6CA69B7DB0F} = {6996BBF7-DB31-59BC-C7DD-9A7CCC6138C4}
		{6452CD89-3348-4C7B-9451-160313CCA9C3} = {9048EB7F-3875-A59E-E36B-5BD4C6F2A282}
	EndGlobalSection
EndGlobal
